// !$*UTF8*$!
{
	archiveVersion = 1;
	classes = {
	};
	objectVersion = 50;
	objects = {

/* Begin PBXBuildFile section */
		9103E5DC260F797400ABBD85 /* OverviewViewController.swift in Sources */ = {isa = PBXBuildFile; fileRef = 9103E5DB260F797400ABBD85 /* OverviewViewController.swift */; };
		9112FA6225FFA31B00919CC7 /* SceneDelegate.swift in Sources */ = {isa = PBXBuildFile; fileRef = 9112FA6125FFA31B00919CC7 /* SceneDelegate.swift */; };
		9112FA6725FFA31B00919CC7 /* Main.storyboard in Resources */ = {isa = PBXBuildFile; fileRef = 9112FA6525FFA31B00919CC7 /* Main.storyboard */; };
		9112FA6925FFA32000919CC7 /* Assets.xcassets in Resources */ = {isa = PBXBuildFile; fileRef = 9112FA6825FFA32000919CC7 /* Assets.xcassets */; };
		9112FA6C25FFA32000919CC7 /* LaunchScreen.storyboard in Resources */ = {isa = PBXBuildFile; fileRef = 9112FA6A25FFA32000919CC7 /* LaunchScreen.storyboard */; };
		9112FA9925FFE73A00919CC7 /* OpeningViewController.swift in Sources */ = {isa = PBXBuildFile; fileRef = 9112FA9825FFE73A00919CC7 /* OpeningViewController.swift */; };
		9112FA9D25FFE7AD00919CC7 /* CustomerIdentificationViewController.swift in Sources */ = {isa = PBXBuildFile; fileRef = 9112FA9C25FFE7AD00919CC7 /* CustomerIdentificationViewController.swift */; };
		912820FA260E8A6D0080C747 /* UpdateViewController.swift in Sources */ = {isa = PBXBuildFile; fileRef = 912820F9260E8A6D0080C747 /* UpdateViewController.swift */; };
		915BDAC0260140E4001A0CC5 /* Register2ViewController.swift in Sources */ = {isa = PBXBuildFile; fileRef = 915BDABF260140E4001A0CC5 /* Register2ViewController.swift */; };
		9167E2E426009B660035C2B4 /* Customer.swift in Sources */ = {isa = PBXBuildFile; fileRef = 9167E2E326009B660035C2B4 /* Customer.swift */; };
		9167E2E726009C840035C2B4 /* Account.swift in Sources */ = {isa = PBXBuildFile; fileRef = 9167E2E626009C840035C2B4 /* Account.swift */; };
		9167E2EA2600A6810035C2B4 /* Register1ViewController.swift in Sources */ = {isa = PBXBuildFile; fileRef = 9167E2E92600A6810035C2B4 /* Register1ViewController.swift */; };
		916FC40A261042A000859C72 /* TransactionsViewController.swift in Sources */ = {isa = PBXBuildFile; fileRef = 916FC406261042A000859C72 /* TransactionsViewController.swift */; };
		916FC40B261042A000859C72 /* MainMenuViewController.swift in Sources */ = {isa = PBXBuildFile; fileRef = 916FC407261042A000859C72 /* MainMenuViewController.swift */; };
		916FC40C261042A000859C72 /* PayBillsTransactionsViewController.swift in Sources */ = {isa = PBXBuildFile; fileRef = 916FC408261042A000859C72 /* PayBillsTransactionsViewController.swift */; };
		916FC40D261042A000859C72 /* SubMenuViewController.swift in Sources */ = {isa = PBXBuildFile; fileRef = 916FC409261042A000859C72 /* SubMenuViewController.swift */; };
		91AAC366260794A2001C0E7F /* EmployeeViewController.swift in Sources */ = {isa = PBXBuildFile; fileRef = 91AAC365260794A2001C0E7F /* EmployeeViewController.swift */; };
		91AAC36926079C7F001C0E7F /* EmployeeLoginViewController.swift in Sources */ = {isa = PBXBuildFile; fileRef = 91AAC36826079C7F001C0E7F /* EmployeeLoginViewController.swift */; };
		91AAC3912607D839001C0E7F /* AppDelegate.swift in Sources */ = {isa = PBXBuildFile; fileRef = 91AAC3902607D839001C0E7F /* AppDelegate.swift */; };
		91BAFB342608D9D5009C9035 /* Validations.swift in Sources */ = {isa = PBXBuildFile; fileRef = 91BAFB332608D9D5009C9035 /* Validations.swift */; };
		91DC33092601FE9900199E7A /* AccountCreationViewController.swift in Sources */ = {isa = PBXBuildFile; fileRef = 91DC33082601FE9900199E7A /* AccountCreationViewController.swift */; };
/* End PBXBuildFile section */

/* Begin PBXFileReference section */
		9103E5DB260F797400ABBD85 /* OverviewViewController.swift */ = {isa = PBXFileReference; lastKnownFileType = sourcecode.swift; path = OverviewViewController.swift; sourceTree = "<group>"; };
		9112FA5C25FFA31A00919CC7 /* Indian Bank.app */ = {isa = PBXFileReference; explicitFileType = wrapper.application; includeInIndex = 0; path = "Indian Bank.app"; sourceTree = BUILT_PRODUCTS_DIR; };
		9112FA6125FFA31B00919CC7 /* SceneDelegate.swift */ = {isa = PBXFileReference; lastKnownFileType = sourcecode.swift; path = SceneDelegate.swift; sourceTree = "<group>"; };
		9112FA6625FFA31B00919CC7 /* Base */ = {isa = PBXFileReference; lastKnownFileType = file.storyboard; name = Base; path = Base.lproj/Main.storyboard; sourceTree = "<group>"; };
		9112FA6825FFA32000919CC7 /* Assets.xcassets */ = {isa = PBXFileReference; lastKnownFileType = folder.assetcatalog; path = Assets.xcassets; sourceTree = "<group>"; };
		9112FA6B25FFA32000919CC7 /* Base */ = {isa = PBXFileReference; lastKnownFileType = file.storyboard; name = Base; path = Base.lproj/LaunchScreen.storyboard; sourceTree = "<group>"; };
		9112FA6D25FFA32000919CC7 /* Info.plist */ = {isa = PBXFileReference; lastKnownFileType = text.plist.xml; path = Info.plist; sourceTree = "<group>"; };
		9112FA9825FFE73A00919CC7 /* OpeningViewController.swift */ = {isa = PBXFileReference; lastKnownFileType = sourcecode.swift; path = OpeningViewController.swift; sourceTree = "<group>"; };
		9112FA9C25FFE7AD00919CC7 /* CustomerIdentificationViewController.swift */ = {isa = PBXFileReference; lastKnownFileType = sourcecode.swift; path = CustomerIdentificationViewController.swift; sourceTree = "<group>"; };
		912820F9260E8A6D0080C747 /* UpdateViewController.swift */ = {isa = PBXFileReference; lastKnownFileType = sourcecode.swift; path = UpdateViewController.swift; sourceTree = "<group>"; };
		915BDABF260140E4001A0CC5 /* Register2ViewController.swift */ = {isa = PBXFileReference; lastKnownFileType = sourcecode.swift; path = Register2ViewController.swift; sourceTree = "<group>"; };
		9167E2E326009B660035C2B4 /* Customer.swift */ = {isa = PBXFileReference; lastKnownFileType = sourcecode.swift; path = Customer.swift; sourceTree = "<group>"; };
		9167E2E626009C840035C2B4 /* Account.swift */ = {isa = PBXFileReference; lastKnownFileType = sourcecode.swift; path = Account.swift; sourceTree = "<group>"; };
		9167E2E92600A6810035C2B4 /* Register1ViewController.swift */ = {isa = PBXFileReference; lastKnownFileType = sourcecode.swift; path = Register1ViewController.swift; sourceTree = "<group>"; };
		916FC406261042A000859C72 /* TransactionsViewController.swift */ = {isa = PBXFileReference; fileEncoding = 4; lastKnownFileType = sourcecode.swift; path = TransactionsViewController.swift; sourceTree = "<group>"; };
		916FC407261042A000859C72 /* MainMenuViewController.swift */ = {isa = PBXFileReference; fileEncoding = 4; lastKnownFileType = sourcecode.swift; path = MainMenuViewController.swift; sourceTree = "<group>"; };
		916FC408261042A000859C72 /* PayBillsTransactionsViewController.swift */ = {isa = PBXFileReference; fileEncoding = 4; lastKnownFileType = sourcecode.swift; path = PayBillsTransactionsViewController.swift; sourceTree = "<group>"; };
		916FC409261042A000859C72 /* SubMenuViewController.swift */ = {isa = PBXFileReference; fileEncoding = 4; lastKnownFileType = sourcecode.swift; path = SubMenuViewController.swift; sourceTree = "<group>"; };
		91AAC365260794A2001C0E7F /* EmployeeViewController.swift */ = {isa = PBXFileReference; lastKnownFileType = sourcecode.swift; path = EmployeeViewController.swift; sourceTree = "<group>"; };
		91AAC36826079C7F001C0E7F /* EmployeeLoginViewController.swift */ = {isa = PBXFileReference; lastKnownFileType = sourcecode.swift; path = EmployeeLoginViewController.swift; sourceTree = "<group>"; };
		91AAC3902607D839001C0E7F /* AppDelegate.swift */ = {isa = PBXFileReference; lastKnownFileType = sourcecode.swift; name = AppDelegate.swift; path = "Indian Bank/AppDelegate.swift"; sourceTree = "<group>"; };
		91BAFB332608D9D5009C9035 /* Validations.swift */ = {isa = PBXFileReference; lastKnownFileType = sourcecode.swift; path = Validations.swift; sourceTree = "<group>"; };
		91DC33082601FE9900199E7A /* AccountCreationViewController.swift */ = {isa = PBXFileReference; lastKnownFileType = sourcecode.swift; path = AccountCreationViewController.swift; sourceTree = "<group>"; };
/* End PBXFileReference section */

/* Begin PBXFrameworksBuildPhase section */
		9112FA5925FFA31A00919CC7 /* Frameworks */ = {
			isa = PBXFrameworksBuildPhase;
			buildActionMask = 2147483647;
			files = (
			);
			runOnlyForDeploymentPostprocessing = 0;
		};
/* End PBXFrameworksBuildPhase section */

/* Begin PBXGroup section */
		9112FA5325FFA31A00919CC7 = {
			isa = PBXGroup;
			children = (
				91AAC3902607D839001C0E7F /* AppDelegate.swift */,
				9112FA5E25FFA31A00919CC7 /* Indian Bank */,
				9112FA5D25FFA31A00919CC7 /* Products */,
			);
			sourceTree = "<group>";
		};
		9112FA5D25FFA31A00919CC7 /* Products */ = {
			isa = PBXGroup;
			children = (
				9112FA5C25FFA31A00919CC7 /* Indian Bank.app */,
			);
			name = Products;
			sourceTree = "<group>";
		};
		9112FA5E25FFA31A00919CC7 /* Indian Bank */ = {
			isa = PBXGroup;
			children = (
				9112FA6125FFA31B00919CC7 /* SceneDelegate.swift */,
				9112FA6525FFA31B00919CC7 /* Main.storyboard */,
				9112FAA225FFE8A900919CC7 /* Opening */,
				91DC330C2601FEA000199E7A /* Account Creation */,
				91AAC37E2607D300001C0E7F /* Main Menu */,
				9112FA6825FFA32000919CC7 /* Assets.xcassets */,
				9112FA6A25FFA32000919CC7 /* LaunchScreen.storyboard */,
				9112FA6D25FFA32000919CC7 /* Info.plist */,
				9167E2E326009B660035C2B4 /* Customer.swift */,
				9167E2E626009C840035C2B4 /* Account.swift */,
				91BAFB332608D9D5009C9035 /* Validations.swift */,
			);
			path = "Indian Bank";
			sourceTree = "<group>";
		};
		9112FAA225FFE8A900919CC7 /* Opening */ = {
			isa = PBXGroup;
			children = (
				9112FA9825FFE73A00919CC7 /* OpeningViewController.swift */,
				9112FA9C25FFE7AD00919CC7 /* CustomerIdentificationViewController.swift */,
				9167E2E92600A6810035C2B4 /* Register1ViewController.swift */,
				915BDABF260140E4001A0CC5 /* Register2ViewController.swift */,
				91AAC365260794A2001C0E7F /* EmployeeViewController.swift */,
				91AAC36826079C7F001C0E7F /* EmployeeLoginViewController.swift */,
			);
			path = Opening;
			sourceTree = "<group>";
		};
		91AAC37E2607D300001C0E7F /* Main Menu */ = {
			isa = PBXGroup;
			children = (
				916FC407261042A000859C72 /* MainMenuViewController.swift */,
				916FC408261042A000859C72 /* PayBillsTransactionsViewController.swift */,
				916FC409261042A000859C72 /* SubMenuViewController.swift */,
				916FC406261042A000859C72 /* TransactionsViewController.swift */,
				912820F9260E8A6D0080C747 /* UpdateViewController.swift */,
				9103E5DB260F797400ABBD85 /* OverviewViewController.swift */,
			);
			path = "Main Menu";
			sourceTree = "<group>";
		};
		91DC330C2601FEA000199E7A /* Account Creation */ = {
			isa = PBXGroup;
			children = (
				91DC33082601FE9900199E7A /* AccountCreationViewController.swift */,
			);
			path = "Account Creation";
			sourceTree = "<group>";
		};
/* End PBXGroup section */

/* Begin PBXNativeTarget section */
		9112FA5B25FFA31A00919CC7 /* Indian Bank */ = {
			isa = PBXNativeTarget;
			buildConfigurationList = 9112FA7025FFA32000919CC7 /* Build configuration list for PBXNativeTarget "Indian Bank" */;
			buildPhases = (
				9112FA5825FFA31A00919CC7 /* Sources */,
				9112FA5925FFA31A00919CC7 /* Frameworks */,
				9112FA5A25FFA31A00919CC7 /* Resources */,
			);
			buildRules = (
			);
			dependencies = (
			);
			name = "Indian Bank";
			productName = "Indian Bank";
			productReference = 9112FA5C25FFA31A00919CC7 /* Indian Bank.app */;
			productType = "com.apple.product-type.application";
		};
/* End PBXNativeTarget section */

/* Begin PBXProject section */
		9112FA5425FFA31A00919CC7 /* Project object */ = {
			isa = PBXProject;
			attributes = {
				LastSwiftUpdateCheck = 1240;
				LastUpgradeCheck = 1240;
				TargetAttributes = {
					9112FA5B25FFA31A00919CC7 = {
						CreatedOnToolsVersion = 12.4;
					};
				};
			};
			buildConfigurationList = 9112FA5725FFA31A00919CC7 /* Build configuration list for PBXProject "Indian Bank" */;
			compatibilityVersion = "Xcode 9.3";
			developmentRegion = en;
			hasScannedForEncodings = 0;
			knownRegions = (
				en,
				Base,
			);
			mainGroup = 9112FA5325FFA31A00919CC7;
			productRefGroup = 9112FA5D25FFA31A00919CC7 /* Products */;
			projectDirPath = "";
			projectRoot = "";
			targets = (
				9112FA5B25FFA31A00919CC7 /* Indian Bank */,
			);
		};
/* End PBXProject section */

/* Begin PBXResourcesBuildPhase section */
		9112FA5A25FFA31A00919CC7 /* Resources */ = {
			isa = PBXResourcesBuildPhase;
			buildActionMask = 2147483647;
			files = (
				9112FA6C25FFA32000919CC7 /* LaunchScreen.storyboard in Resources */,
				9112FA6925FFA32000919CC7 /* Assets.xcassets in Resources */,
				9112FA6725FFA31B00919CC7 /* Main.storyboard in Resources */,
			);
			runOnlyForDeploymentPostprocessing = 0;
		};
/* End PBXResourcesBuildPhase section */

/* Begin PBXSourcesBuildPhase section */
		9112FA5825FFA31A00919CC7 /* Sources */ = {
			isa = PBXSourcesBuildPhase;
			buildActionMask = 2147483647;
			files = (
				916FC40B261042A000859C72 /* MainMenuViewController.swift in Sources */,
				91AAC3912607D839001C0E7F /* AppDelegate.swift in Sources */,
				91AAC366260794A2001C0E7F /* EmployeeViewController.swift in Sources */,
				9112FA9D25FFE7AD00919CC7 /* CustomerIdentificationViewController.swift in Sources */,
				9112FA9925FFE73A00919CC7 /* OpeningViewController.swift in Sources */,
				912820FA260E8A6D0080C747 /* UpdateViewController.swift in Sources */,
				916FC40D261042A000859C72 /* SubMenuViewController.swift in Sources */,
				91AAC36926079C7F001C0E7F /* EmployeeLoginViewController.swift in Sources */,
				9167E2EA2600A6810035C2B4 /* Register1ViewController.swift in Sources */,
				9167E2E426009B660035C2B4 /* Customer.swift in Sources */,
				9112FA6225FFA31B00919CC7 /* SceneDelegate.swift in Sources */,
				9103E5DC260F797400ABBD85 /* OverviewViewController.swift in Sources */,
				91BAFB342608D9D5009C9035 /* Validations.swift in Sources */,
				916FC40C261042A000859C72 /* PayBillsTransactionsViewController.swift in Sources */,
				915BDAC0260140E4001A0CC5 /* Register2ViewController.swift in Sources */,
				91DC33092601FE9900199E7A /* AccountCreationViewController.swift in Sources */,
				9167E2E726009C840035C2B4 /* Account.swift in Sources */,
				916FC40A261042A000859C72 /* TransactionsViewController.swift in Sources */,
			);
			runOnlyForDeploymentPostprocessing = 0;
		};
/* End PBXSourcesBuildPhase section */

/* Begin PBXVariantGroup section */
		9112FA6525FFA31B00919CC7 /* Main.storyboard */ = {
			isa = PBXVariantGroup;
			children = (
				9112FA6625FFA31B00919CC7 /* Base */,
			);
			name = Main.storyboard;
			sourceTree = "<group>";
		};
		9112FA6A25FFA32000919CC7 /* LaunchScreen.storyboard */ = {
			isa = PBXVariantGroup;
			children = (
				9112FA6B25FFA32000919CC7 /* Base */,
			);
			name = LaunchScreen.storyboard;
			sourceTree = "<group>";
		};
/* End PBXVariantGroup section */

/* Begin XCBuildConfiguration section */
		9112FA6E25FFA32000919CC7 /* Debug */ = {
			isa = XCBuildConfiguration;
			buildSettings = {
				ALWAYS_SEARCH_USER_PATHS = NO;
				CLANG_ANALYZER_NONNULL = YES;
				CLANG_ANALYZER_NUMBER_OBJECT_CONVERSION = YES_AGGRESSIVE;
				CLANG_CXX_LANGUAGE_STANDARD = "gnu++14";
				CLANG_CXX_LIBRARY = "libc++";
				CLANG_ENABLE_MODULES = YES;
				CLANG_ENABLE_OBJC_ARC = YES;
				CLANG_ENABLE_OBJC_WEAK = YES;
				CLANG_WARN_BLOCK_CAPTURE_AUTORELEASING = YES;
				CLANG_WARN_BOOL_CONVERSION = YES;
				CLANG_WARN_COMMA = YES;
				CLANG_WARN_CONSTANT_CONVERSION = YES;
				CLANG_WARN_DEPRECATED_OBJC_IMPLEMENTATIONS = YES;
				CLANG_WARN_DIRECT_OBJC_ISA_USAGE = YES_ERROR;
				CLANG_WARN_DOCUMENTATION_COMMENTS = YES;
				CLANG_WARN_EMPTY_BODY = YES;
				CLANG_WARN_ENUM_CONVERSION = YES;
				CLANG_WARN_INFINITE_RECURSION = YES;
				CLANG_WARN_INT_CONVERSION = YES;
				CLANG_WARN_NON_LITERAL_NULL_CONVERSION = YES;
				CLANG_WARN_OBJC_IMPLICIT_RETAIN_SELF = YES;
				CLANG_WARN_OBJC_LITERAL_CONVERSION = YES;
				CLANG_WARN_OBJC_ROOT_CLASS = YES_ERROR;
				CLANG_WARN_QUOTED_INCLUDE_IN_FRAMEWORK_HEADER = YES;
				CLANG_WARN_RANGE_LOOP_ANALYSIS = YES;
				CLANG_WARN_STRICT_PROTOTYPES = YES;
				CLANG_WARN_SUSPICIOUS_MOVE = YES;
				CLANG_WARN_UNGUARDED_AVAILABILITY = YES_AGGRESSIVE;
				CLANG_WARN_UNREACHABLE_CODE = YES;
				CLANG_WARN__DUPLICATE_METHOD_MATCH = YES;
				COPY_PHASE_STRIP = NO;
				DEBUG_INFORMATION_FORMAT = dwarf;
				ENABLE_STRICT_OBJC_MSGSEND = YES;
				ENABLE_TESTABILITY = YES;
				GCC_C_LANGUAGE_STANDARD = gnu11;
				GCC_DYNAMIC_NO_PIC = NO;
				GCC_NO_COMMON_BLOCKS = YES;
				GCC_OPTIMIZATION_LEVEL = 0;
				GCC_PREPROCESSOR_DEFINITIONS = (
					"DEBUG=1",
					"$(inherited)",
				);
				GCC_WARN_64_TO_32_BIT_CONVERSION = YES;
				GCC_WARN_ABOUT_RETURN_TYPE = YES_ERROR;
				GCC_WARN_UNDECLARED_SELECTOR = YES;
				GCC_WARN_UNINITIALIZED_AUTOS = YES_AGGRESSIVE;
				GCC_WARN_UNUSED_FUNCTION = YES;
				GCC_WARN_UNUSED_VARIABLE = YES;
				IPHONEOS_DEPLOYMENT_TARGET = 14.4;
				MTL_ENABLE_DEBUG_INFO = INCLUDE_SOURCE;
				MTL_FAST_MATH = YES;
				ONLY_ACTIVE_ARCH = YES;
				SDKROOT = iphoneos;
				SWIFT_ACTIVE_COMPILATION_CONDITIONS = DEBUG;
				SWIFT_OPTIMIZATION_LEVEL = "-Onone";
			};
			name = Debug;
		};
		9112FA6F25FFA32000919CC7 /* Release */ = {
			isa = XCBuildConfiguration;
			buildSettings = {
				ALWAYS_SEARCH_USER_PATHS = NO;
				CLANG_ANALYZER_NONNULL = YES;
				CLANG_ANALYZER_NUMBER_OBJECT_CONVERSION = YES_AGGRESSIVE;
				CLANG_CXX_LANGUAGE_STANDARD = "gnu++14";
				CLANG_CXX_LIBRARY = "libc++";
				CLANG_ENABLE_MODULES = YES;
				CLANG_ENABLE_OBJC_ARC = YES;
				CLANG_ENABLE_OBJC_WEAK = YES;
				CLANG_WARN_BLOCK_CAPTURE_AUTORELEASING = YES;
				CLANG_WARN_BOOL_CONVERSION = YES;
				CLANG_WARN_COMMA = YES;
				CLANG_WARN_CONSTANT_CONVERSION = YES;
				CLANG_WARN_DEPRECATED_OBJC_IMPLEMENTATIONS = YES;
				CLANG_WARN_DIRECT_OBJC_ISA_USAGE = YES_ERROR;
				CLANG_WARN_DOCUMENTATION_COMMENTS = YES;
				CLANG_WARN_EMPTY_BODY = YES;
				CLANG_WARN_ENUM_CONVERSION = YES;
				CLANG_WARN_INFINITE_RECURSION = YES;
				CLANG_WARN_INT_CONVERSION = YES;
				CLANG_WARN_NON_LITERAL_NULL_CONVERSION = YES;
				CLANG_WARN_OBJC_IMPLICIT_RETAIN_SELF = YES;
				CLANG_WARN_OBJC_LITERAL_CONVERSION = YES;
				CLANG_WARN_OBJC_ROOT_CLASS = YES_ERROR;
				CLANG_WARN_QUOTED_INCLUDE_IN_FRAMEWORK_HEADER = YES;
				CLANG_WARN_RANGE_LOOP_ANALYSIS = YES;
				CLANG_WARN_STRICT_PROTOTYPES = YES;
				CLANG_WARN_SUSPICIOUS_MOVE = YES;
				CLANG_WARN_UNGUARDED_AVAILABILITY = YES_AGGRESSIVE;
				CLANG_WARN_UNREACHABLE_CODE = YES;
				CLANG_WARN__DUPLICATE_METHOD_MATCH = YES;
				COPY_PHASE_STRIP = NO;
				DEBUG_INFORMATION_FORMAT = "dwarf-with-dsym";
				ENABLE_NS_ASSERTIONS = NO;
				ENABLE_STRICT_OBJC_MSGSEND = YES;
				GCC_C_LANGUAGE_STANDARD = gnu11;
				GCC_NO_COMMON_BLOCKS = YES;
				GCC_WARN_64_TO_32_BIT_CONVERSION = YES;
				GCC_WARN_ABOUT_RETURN_TYPE = YES_ERROR;
				GCC_WARN_UNDECLARED_SELECTOR = YES;
				GCC_WARN_UNINITIALIZED_AUTOS = YES_AGGRESSIVE;
				GCC_WARN_UNUSED_FUNCTION = YES;
				GCC_WARN_UNUSED_VARIABLE = YES;
				IPHONEOS_DEPLOYMENT_TARGET = 14.4;
				MTL_ENABLE_DEBUG_INFO = NO;
				MTL_FAST_MATH = YES;
				SDKROOT = iphoneos;
				SWIFT_COMPILATION_MODE = wholemodule;
				SWIFT_OPTIMIZATION_LEVEL = "-O";
				VALIDATE_PRODUCT = YES;
			};
			name = Release;
		};
		9112FA7125FFA32000919CC7 /* Debug */ = {
			isa = XCBuildConfiguration;
			buildSettings = {
				ASSETCATALOG_COMPILER_APPICON_NAME = AppIcon;
				ASSETCATALOG_COMPILER_GLOBAL_ACCENT_COLOR_NAME = AccentColor;
				CODE_SIGN_STYLE = Automatic;
				INFOPLIST_FILE = "Indian Bank/Info.plist";
				LD_RUNPATH_SEARCH_PATHS = (
					"$(inherited)",
					"@executable_path/Frameworks",
				);
				PRODUCT_BUNDLE_IDENTIFIER = "co.arr.Indian-Bank";
				PRODUCT_NAME = "$(TARGET_NAME)";
				SWIFT_VERSION = 5.0;
				TARGETED_DEVICE_FAMILY = "1,2";
			};
			name = Debug;
		};
		9112FA7225FFA32000919CC7 /* Release */ = {
			isa = XCBuildConfiguration;
			buildSettings = {
				ASSETCATALOG_COMPILER_APPICON_NAME = AppIcon;
				ASSETCATALOG_COMPILER_GLOBAL_ACCENT_COLOR_NAME = AccentColor;
				CODE_SIGN_STYLE = Automatic;
				INFOPLIST_FILE = "Indian Bank/Info.plist";
				LD_RUNPATH_SEARCH_PATHS = (
					"$(inherited)",
					"@executable_path/Frameworks",
				);
				PRODUCT_BUNDLE_IDENTIFIER = "co.arr.Indian-Bank";
				PRODUCT_NAME = "$(TARGET_NAME)";
				SWIFT_VERSION = 5.0;
				TARGETED_DEVICE_FAMILY = "1,2";
			};
			name = Release;
		};
/* End XCBuildConfiguration section */

/* Begin XCConfigurationList section */
		9112FA5725FFA31A00919CC7 /* Build configuration list for PBXProject "Indian Bank" */ = {
			isa = XCConfigurationList;
			buildConfigurations = (
				9112FA6E25FFA32000919CC7 /* Debug */,
				9112FA6F25FFA32000919CC7 /* Release */,
			);
			defaultConfigurationIsVisible = 0;
			defaultConfigurationName = Release;
		};
		9112FA7025FFA32000919CC7 /* Build configuration list for PBXNativeTarget "Indian Bank" */ = {
			isa = XCConfigurationList;
			buildConfigurations = (
				9112FA7125FFA32000919CC7 /* Debug */,
				9112FA7225FFA32000919CC7 /* Release */,
			);
			defaultConfigurationIsVisible = 0;
			defaultConfigurationName = Release;
		};
/* End XCConfigurationList section */
	};
	rootObject = 9112FA5425FFA31A00919CC7 /* Project object */;
}
